PODS:
  - Alamofire (4.3.0)
  - MBCircularProgressBar (0.3.5)
  - RESideMenu (4.0.7)

DEPENDENCIES:
  - Alamofire
  - MBCircularProgressBar
  - RESideMenu (~> 4.0.7)

SPEC CHECKSUMS:
  Alamofire: 856a113053a7bc9cbe5d6367a555d773fc5cfef7
  MBCircularProgressBar: 0b795b722a5eb5b0923822f90474e2576a1a7855
  RESideMenu: f24c508404b49c667344c54aba7e590883533958

PODFILE CHECKSUM: ff10364e1e3ccd1034e166a9e3a89dd849bef259

COCOAPODS: 1.2.0
