PODS:
  - Alamofire (4.3.0)
  - RESideMenu (4.0.7)

DEPENDENCIES:
  - Alamofire
  - RESideMenu (~> 4.0.7)

SPEC CHECKSUMS:
  Alamofire: 856a113053a7bc9cbe5d6367a555d773fc5cfef7
  RESideMenu: f24c508404b49c667344c54aba7e590883533958

PODFILE CHECKSUM: 6e58de2aa86fc82db5574965fb5c614cba4c5e57

COCOAPODS: 1.2.0
